PODS:
  - EasyLayout (1.0.22)
  - MDScrollHoverPage (0.1.0):
    - EasyLayout

DEPENDENCIES:
  - MDScrollHoverPage (from `../`)

SPEC REPOS:
  https://github.com/Leon0206/MDSpecs.git:
    - EasyLayout

EXTERNAL SOURCES:
  MDScrollHoverPage:
    :path: "../"

SPEC CHECKSUMS:
  EasyLayout: 24623ce8ec65089f043c79d8c966a788817b2bb2
  MDScrollHoverPage: a005b3dd1bc23175750480d70ac2967b625d6bc5

PODFILE CHECKSUM: e4860484085d821b8fbba0aecd35c43125329dcd

COCOAPODS: 1.11.3
